
Microsoft Visual Studio Solution File, Format Version 12.00
# Visual Studio 15
VisualStudioVersion = 15.0.28307.136
MinimumVisualStudioVersion = 10.0.40219.1
Project("{FAE04EC0-301F-11D3-BF4B-00C04F79EFBC}") = "QueuePolling2", "QueuePolling2\QueuePolling2.csproj", "{1FF9162B-672F-47DB-ADE2-BD505F2FD017}"
EndProject
Global
	GlobalSection(SolutionConfigurationPlatforms) = preSolution
		Debug|Any CPU = Debug|Any CPU
		Release|Any CPU = Release|Any CPU
	EndGlobalSection
	GlobalSection(ProjectConfigurationPlatforms) = postSolution
		{1FF9162B-672F-47DB-ADE2-BD505F2FD017}.Debug|Any CPU.ActiveCfg = Debug|Any CPU
		{1FF9162B-672F-47DB-ADE2-BD505F2FD017}.Debug|Any CPU.Build.0 = Debug|Any CPU
		{1FF9162B-672F-47DB-ADE2-BD505F2FD017}.Release|Any CPU.ActiveCfg = Release|Any CPU
		{1FF9162B-672F-47DB-ADE2-BD505F2FD017}.Release|Any CPU.Build.0 = Release|Any CPU
	EndGlobalSection
	GlobalSection(SolutionProperties) = preSolution
		HideSolutionNode = FALSE
	EndGlobalSection
	GlobalSection(ExtensibilityGlobals) = postSolution
		SolutionGuid = {E3FD869C-72EB-4E3D-9789-3D1B530DCC3C}
	EndGlobalSection
EndGlobal
